// !$*UTF8*$!
{
	archiveVersion = 1;
	classes = {
	};
	objectVersion = 56;
	objects = {

/* Begin PBXBuildFile section */
		6F7F491D2B922D1900F660E9 /* Note.swift in Sources */ = {isa = PBXBuildFile; fileRef = 6F7F491C2B922D1900F660E9 /* Note.swift */; };
		6F7F491F2B92336B00F660E9 /* UserDefaults+Codable.swift in Sources */ = {isa = PBXBuildFile; fileRef = 6F7F491E2B92336B00F660E9 /* UserDefaults+Codable.swift */; };
		6F7F49212B92480400F660E9 /* NoteDetailVC.swift in Sources */ = {isa = PBXBuildFile; fileRef = 6F7F49202B92480400F660E9 /* NoteDetailVC.swift */; };
		6F7F49232B92592F00F660E9 /* ButtonCell.swift in Sources */ = {isa = PBXBuildFile; fileRef = 6F7F49222B92592F00F660E9 /* ButtonCell.swift */; };
		6F9B44E42B7FDD3300F4BBE9 /* SteamLoginViewController.swift in Sources */ = {isa = PBXBuildFile; fileRef = 6F9B44E32B7FDD3300F4BBE9 /* SteamLoginViewController.swift */; };
		6FAFEDE62B76A1F0009EF424 /* AppDelegate.swift in Sources */ = {isa = PBXBuildFile; fileRef = 6FAFEDE52B76A1F0009EF424 /* AppDelegate.swift */; };
		6FAFEDE82B76A1F0009EF424 /* SceneDelegate.swift in Sources */ = {isa = PBXBuildFile; fileRef = 6FAFEDE72B76A1F0009EF424 /* SceneDelegate.swift */; };
		6FAFEDEA2B76A1F0009EF424 /* ViewController.swift in Sources */ = {isa = PBXBuildFile; fileRef = 6FAFEDE92B76A1F0009EF424 /* ViewController.swift */; };
		6FAFEDED2B76A1F0009EF424 /* Main.storyboard in Resources */ = {isa = PBXBuildFile; fileRef = 6FAFEDEB2B76A1F0009EF424 /* Main.storyboard */; };
		6FAFEDEF2B76A1F1009EF424 /* Assets.xcassets in Resources */ = {isa = PBXBuildFile; fileRef = 6FAFEDEE2B76A1F1009EF424 /* Assets.xcassets */; };
		6FAFEDF22B76A1F1009EF424 /* LaunchScreen.storyboard in Resources */ = {isa = PBXBuildFile; fileRef = 6FAFEDF02B76A1F1009EF424 /* LaunchScreen.storyboard */; };
		6FAFEDFA2B76AF87009EF424 /* TestBindingViewController.swift in Sources */ = {isa = PBXBuildFile; fileRef = 6FAFEDF92B76AF87009EF424 /* TestBindingViewController.swift */; };
		6FB6F1562B89108100587338 /* TableTesteViewController.swift in Sources */ = {isa = PBXBuildFile; fileRef = 6FB6F1552B89108100587338 /* TableTesteViewController.swift */; };
		6FB6F1582B8913C500587338 /* TextCell.swift in Sources */ = {isa = PBXBuildFile; fileRef = 6FB6F1572B8913C500587338 /* TextCell.swift */; };
		6FB6F15A2B8924E700587338 /* NotesListViewController.swift in Sources */ = {isa = PBXBuildFile; fileRef = 6FB6F1592B8924E700587338 /* NotesListViewController.swift */; };
		6FB6F15C2B89280E00587338 /* NoteCell.swift in Sources */ = {isa = PBXBuildFile; fileRef = 6FB6F15B2B89280E00587338 /* NoteCell.swift */; };
/* End PBXBuildFile section */

/* Begin PBXFileReference section */
		6F7F491C2B922D1900F660E9 /* Note.swift */ = {isa = PBXFileReference; lastKnownFileType = sourcecode.swift; path = Note.swift; sourceTree = "<group>"; };
		6F7F491E2B92336B00F660E9 /* UserDefaults+Codable.swift */ = {isa = PBXFileReference; lastKnownFileType = sourcecode.swift; path = "UserDefaults+Codable.swift"; sourceTree = "<group>"; };
		6F7F49202B92480400F660E9 /* NoteDetailVC.swift */ = {isa = PBXFileReference; lastKnownFileType = sourcecode.swift; path = NoteDetailVC.swift; sourceTree = "<group>"; };
		6F7F49222B92592F00F660E9 /* ButtonCell.swift */ = {isa = PBXFileReference; lastKnownFileType = sourcecode.swift; path = ButtonCell.swift; sourceTree = "<group>"; };
		6F9B44E32B7FDD3300F4BBE9 /* SteamLoginViewController.swift */ = {isa = PBXFileReference; lastKnownFileType = sourcecode.swift; path = SteamLoginViewController.swift; sourceTree = "<group>"; };
		6FAFEDE22B76A1F0009EF424 /* iOS_Project.app */ = {isa = PBXFileReference; explicitFileType = wrapper.application; includeInIndex = 0; path = iOS_Project.app; sourceTree = BUILT_PRODUCTS_DIR; };
		6FAFEDE52B76A1F0009EF424 /* AppDelegate.swift */ = {isa = PBXFileReference; lastKnownFileType = sourcecode.swift; path = AppDelegate.swift; sourceTree = "<group>"; };
		6FAFEDE72B76A1F0009EF424 /* SceneDelegate.swift */ = {isa = PBXFileReference; lastKnownFileType = sourcecode.swift; path = SceneDelegate.swift; sourceTree = "<group>"; };
		6FAFEDE92B76A1F0009EF424 /* ViewController.swift */ = {isa = PBXFileReference; lastKnownFileType = sourcecode.swift; path = ViewController.swift; sourceTree = "<group>"; };
		6FAFEDEC2B76A1F0009EF424 /* Base */ = {isa = PBXFileReference; lastKnownFileType = file.storyboard; name = Base; path = Base.lproj/Main.storyboard; sourceTree = "<group>"; };
		6FAFEDEE2B76A1F1009EF424 /* Assets.xcassets */ = {isa = PBXFileReference; lastKnownFileType = folder.assetcatalog; path = Assets.xcassets; sourceTree = "<group>"; };
		6FAFEDF12B76A1F1009EF424 /* Base */ = {isa = PBXFileReference; lastKnownFileType = file.storyboard; name = Base; path = Base.lproj/LaunchScreen.storyboard; sourceTree = "<group>"; };
		6FAFEDF32B76A1F1009EF424 /* Info.plist */ = {isa = PBXFileReference; lastKnownFileType = text.plist.xml; path = Info.plist; sourceTree = "<group>"; };
		6FAFEDF92B76AF87009EF424 /* TestBindingViewController.swift */ = {isa = PBXFileReference; lastKnownFileType = sourcecode.swift; path = TestBindingViewController.swift; sourceTree = "<group>"; };
		6FB6F1552B89108100587338 /* TableTesteViewController.swift */ = {isa = PBXFileReference; lastKnownFileType = sourcecode.swift; path = TableTesteViewController.swift; sourceTree = "<group>"; };
		6FB6F1572B8913C500587338 /* TextCell.swift */ = {isa = PBXFileReference; lastKnownFileType = sourcecode.swift; path = TextCell.swift; sourceTree = "<group>"; };
		6FB6F1592B8924E700587338 /* NotesListViewController.swift */ = {isa = PBXFileReference; lastKnownFileType = sourcecode.swift; path = NotesListViewController.swift; sourceTree = "<group>"; };
		6FB6F15B2B89280E00587338 /* NoteCell.swift */ = {isa = PBXFileReference; lastKnownFileType = sourcecode.swift; path = NoteCell.swift; sourceTree = "<group>"; };
/* End PBXFileReference section */

/* Begin PBXFrameworksBuildPhase section */
		6FAFEDDF2B76A1F0009EF424 /* Frameworks */ = {
			isa = PBXFrameworksBuildPhase;
			buildActionMask = 2147483647;
			files = (
			);
			runOnlyForDeploymentPostprocessing = 0;
		};
/* End PBXFrameworksBuildPhase section */

/* Begin PBXGroup section */
		6FAFEDD92B76A1F0009EF424 = {
			isa = PBXGroup;
			children = (
				6FAFEDE42B76A1F0009EF424 /* iOS_Project */,
				6FAFEDE32B76A1F0009EF424 /* Products */,
			);
			sourceTree = "<group>";
		};
		6FAFEDE32B76A1F0009EF424 /* Products */ = {
			isa = PBXGroup;
			children = (
				6FAFEDE22B76A1F0009EF424 /* iOS_Project.app */,
			);
			name = Products;
			sourceTree = "<group>";
		};
		6FAFEDE42B76A1F0009EF424 /* iOS_Project */ = {
			isa = PBXGroup;
			children = (
				6FB6F1552B89108100587338 /* TableTesteViewController.swift */,
				6FAFEDE52B76A1F0009EF424 /* AppDelegate.swift */,
				6FAFEDE72B76A1F0009EF424 /* SceneDelegate.swift */,
				6FAFEDE92B76A1F0009EF424 /* ViewController.swift */,
				6FAFEDEB2B76A1F0009EF424 /* Main.storyboard */,
				6FAFEDEE2B76A1F1009EF424 /* Assets.xcassets */,
				6FAFEDF02B76A1F1009EF424 /* LaunchScreen.storyboard */,
				6FAFEDF32B76A1F1009EF424 /* Info.plist */,
				6FAFEDF92B76AF87009EF424 /* TestBindingViewController.swift */,
				6F9B44E32B7FDD3300F4BBE9 /* SteamLoginViewController.swift */,
				6FB6F1572B8913C500587338 /* TextCell.swift */,
				6FB6F1592B8924E700587338 /* NotesListViewController.swift */,
				6F7F491C2B922D1900F660E9 /* Note.swift */,
				6FB6F15B2B89280E00587338 /* NoteCell.swift */,
				6F7F491E2B92336B00F660E9 /* UserDefaults+Codable.swift */,
				6F7F49202B92480400F660E9 /* NoteDetailVC.swift */,
				6F7F49222B92592F00F660E9 /* ButtonCell.swift */,
			);
			path = iOS_Project;
			sourceTree = "<group>";
		};
/* End PBXGroup section */

/* Begin PBXNativeTarget section */
		6FAFEDE12B76A1F0009EF424 /* iOS_Project */ = {
			isa = PBXNativeTarget;
			buildConfigurationList = 6FAFEDF62B76A1F1009EF424 /* Build configuration list for PBXNativeTarget "iOS_Project" */;
			buildPhases = (
				6FAFEDDE2B76A1F0009EF424 /* Sources */,
				6FAFEDDF2B76A1F0009EF424 /* Frameworks */,
				6FAFEDE02B76A1F0009EF424 /* Resources */,
			);
			buildRules = (
			);
			dependencies = (
			);
			name = iOS_Project;
			productName = iOS_Project;
			productReference = 6FAFEDE22B76A1F0009EF424 /* iOS_Project.app */;
			productType = "com.apple.product-type.application";
		};
/* End PBXNativeTarget section */

/* Begin PBXProject section */
		6FAFEDDA2B76A1F0009EF424 /* Project object */ = {
			isa = PBXProject;
			attributes = {
				BuildIndependentTargetsInParallel = 1;
				LastSwiftUpdateCheck = 1500;
				LastUpgradeCheck = 1500;
				TargetAttributes = {
					6FAFEDE12B76A1F0009EF424 = {
						CreatedOnToolsVersion = 15.0.1;
					};
				};
			};
			buildConfigurationList = 6FAFEDDD2B76A1F0009EF424 /* Build configuration list for PBXProject "iOS_Project" */;
			compatibilityVersion = "Xcode 14.0";
			developmentRegion = en;
			hasScannedForEncodings = 0;
			knownRegions = (
				en,
				Base,
			);
			mainGroup = 6FAFEDD92B76A1F0009EF424;
			productRefGroup = 6FAFEDE32B76A1F0009EF424 /* Products */;
			projectDirPath = "";
			projectRoot = "";
			targets = (
				6FAFEDE12B76A1F0009EF424 /* iOS_Project */,
			);
		};
/* End PBXProject section */

/* Begin PBXResourcesBuildPhase section */
		6FAFEDE02B76A1F0009EF424 /* Resources */ = {
			isa = PBXResourcesBuildPhase;
			buildActionMask = 2147483647;
			files = (
				6FAFEDF22B76A1F1009EF424 /* LaunchScreen.storyboard in Resources */,
				6FAFEDEF2B76A1F1009EF424 /* Assets.xcassets in Resources */,
				6FAFEDED2B76A1F0009EF424 /* Main.storyboard in Resources */,
			);
			runOnlyForDeploymentPostprocessing = 0;
		};
/* End PBXResourcesBuildPhase section */

/* Begin PBXSourcesBuildPhase section */
		6FAFEDDE2B76A1F0009EF424 /* Sources */ = {
			isa = PBXSourcesBuildPhase;
			buildActionMask = 2147483647;
			files = (
				6F9B44E42B7FDD3300F4BBE9 /* SteamLoginViewController.swift in Sources */,
				6F7F49232B92592F00F660E9 /* ButtonCell.swift in Sources */,
				6FAFEDFA2B76AF87009EF424 /* TestBindingViewController.swift in Sources */,
				6FAFEDEA2B76A1F0009EF424 /* ViewController.swift in Sources */,
				6FB6F1582B8913C500587338 /* TextCell.swift in Sources */,
				6FB6F15A2B8924E700587338 /* NotesListViewController.swift in Sources */,
				6F7F491F2B92336B00F660E9 /* UserDefaults+Codable.swift in Sources */,
				6F7F491D2B922D1900F660E9 /* Note.swift in Sources */,
				6FB6F1562B89108100587338 /* TableTesteViewController.swift in Sources */,
				6FB6F15C2B89280E00587338 /* NoteCell.swift in Sources */,
				6FAFEDE62B76A1F0009EF424 /* AppDelegate.swift in Sources */,
				6FAFEDE82B76A1F0009EF424 /* SceneDelegate.swift in Sources */,
				6F7F49212B92480400F660E9 /* NoteDetailVC.swift in Sources */,
			);
			runOnlyForDeploymentPostprocessing = 0;
		};
/* End PBXSourcesBuildPhase section */

/* Begin PBXVariantGroup section */
		6FAFEDEB2B76A1F0009EF424 /* Main.storyboard */ = {
			isa = PBXVariantGroup;
			children = (
				6FAFEDEC2B76A1F0009EF424 /* Base */,
			);
			name = Main.storyboard;
			sourceTree = "<group>";
		};
		6FAFEDF02B76A1F1009EF424 /* LaunchScreen.storyboard */ = {
			isa = PBXVariantGroup;
			children = (
				6FAFEDF12B76A1F1009EF424 /* Base */,
			);
			name = LaunchScreen.storyboard;
			sourceTree = "<group>";
		};
/* End PBXVariantGroup section */

/* Begin XCBuildConfiguration section */
		6FAFEDF42B76A1F1009EF424 /* Debug */ = {
			isa = XCBuildConfiguration;
			buildSettings = {
				ALWAYS_SEARCH_USER_PATHS = NO;
				ASSETCATALOG_COMPILER_GENERATE_SWIFT_ASSET_SYMBOL_EXTENSIONS = YES;
				CLANG_ANALYZER_NONNULL = YES;
				CLANG_ANALYZER_NUMBER_OBJECT_CONVERSION = YES_AGGRESSIVE;
				CLANG_CXX_LANGUAGE_STANDARD = "gnu++20";
				CLANG_ENABLE_MODULES = YES;
				CLANG_ENABLE_OBJC_ARC = YES;
				CLANG_ENABLE_OBJC_WEAK = YES;
				CLANG_WARN_BLOCK_CAPTURE_AUTORELEASING = YES;
				CLANG_WARN_BOOL_CONVERSION = YES;
				CLANG_WARN_COMMA = YES;
				CLANG_WARN_CONSTANT_CONVERSION = YES;
				CLANG_WARN_DEPRECATED_OBJC_IMPLEMENTATIONS = YES;
				CLANG_WARN_DIRECT_OBJC_ISA_USAGE = YES_ERROR;
				CLANG_WARN_DOCUMENTATION_COMMENTS = YES;
				CLANG_WARN_EMPTY_BODY = YES;
				CLANG_WARN_ENUM_CONVERSION = YES;
				CLANG_WARN_INFINITE_RECURSION = YES;
				CLANG_WARN_INT_CONVERSION = YES;
				CLANG_WARN_NON_LITERAL_NULL_CONVERSION = YES;
				CLANG_WARN_OBJC_IMPLICIT_RETAIN_SELF = YES;
				CLANG_WARN_OBJC_LITERAL_CONVERSION = YES;
				CLANG_WARN_OBJC_ROOT_CLASS = YES_ERROR;
				CLANG_WARN_QUOTED_INCLUDE_IN_FRAMEWORK_HEADER = YES;
				CLANG_WARN_RANGE_LOOP_ANALYSIS = YES;
				CLANG_WARN_STRICT_PROTOTYPES = YES;
				CLANG_WARN_SUSPICIOUS_MOVE = YES;
				CLANG_WARN_UNGUARDED_AVAILABILITY = YES_AGGRESSIVE;
				CLANG_WARN_UNREACHABLE_CODE = YES;
				CLANG_WARN__DUPLICATE_METHOD_MATCH = YES;
				COPY_PHASE_STRIP = NO;
				DEBUG_INFORMATION_FORMAT = dwarf;
				ENABLE_STRICT_OBJC_MSGSEND = YES;
				ENABLE_TESTABILITY = YES;
				ENABLE_USER_SCRIPT_SANDBOXING = YES;
				GCC_C_LANGUAGE_STANDARD = gnu17;
				GCC_DYNAMIC_NO_PIC = NO;
				GCC_NO_COMMON_BLOCKS = YES;
				GCC_OPTIMIZATION_LEVEL = 0;
				GCC_PREPROCESSOR_DEFINITIONS = (
					"DEBUG=1",
					"$(inherited)",
				);
				GCC_WARN_64_TO_32_BIT_CONVERSION = YES;
				GCC_WARN_ABOUT_RETURN_TYPE = YES_ERROR;
				GCC_WARN_UNDECLARED_SELECTOR = YES;
				GCC_WARN_UNINITIALIZED_AUTOS = YES_AGGRESSIVE;
				GCC_WARN_UNUSED_FUNCTION = YES;
				GCC_WARN_UNUSED_VARIABLE = YES;
				IPHONEOS_DEPLOYMENT_TARGET = 17.0;
				LOCALIZATION_PREFERS_STRING_CATALOGS = YES;
				MTL_ENABLE_DEBUG_INFO = INCLUDE_SOURCE;
				MTL_FAST_MATH = YES;
				ONLY_ACTIVE_ARCH = YES;
				SDKROOT = iphoneos;
				SWIFT_ACTIVE_COMPILATION_CONDITIONS = "DEBUG $(inherited)";
				SWIFT_OPTIMIZATION_LEVEL = "-Onone";
			};
			name = Debug;
		};
		6FAFEDF52B76A1F1009EF424 /* Release */ = {
			isa = XCBuildConfiguration;
			buildSettings = {
				ALWAYS_SEARCH_USER_PATHS = NO;
				ASSETCATALOG_COMPILER_GENERATE_SWIFT_ASSET_SYMBOL_EXTENSIONS = YES;
				CLANG_ANALYZER_NONNULL = YES;
				CLANG_ANALYZER_NUMBER_OBJECT_CONVERSION = YES_AGGRESSIVE;
				CLANG_CXX_LANGUAGE_STANDARD = "gnu++20";
				CLANG_ENABLE_MODULES = YES;
				CLANG_ENABLE_OBJC_ARC = YES;
				CLANG_ENABLE_OBJC_WEAK = YES;
				CLANG_WARN_BLOCK_CAPTURE_AUTORELEASING = YES;
				CLANG_WARN_BOOL_CONVERSION = YES;
				CLANG_WARN_COMMA = YES;
				CLANG_WARN_CONSTANT_CONVERSION = YES;
				CLANG_WARN_DEPRECATED_OBJC_IMPLEMENTATIONS = YES;
				CLANG_WARN_DIRECT_OBJC_ISA_USAGE = YES_ERROR;
				CLANG_WARN_DOCUMENTATION_COMMENTS = YES;
				CLANG_WARN_EMPTY_BODY = YES;
				CLANG_WARN_ENUM_CONVERSION = YES;
				CLANG_WARN_INFINITE_RECURSION = YES;
				CLANG_WARN_INT_CONVERSION = YES;
				CLANG_WARN_NON_LITERAL_NULL_CONVERSION = YES;
				CLANG_WARN_OBJC_IMPLICIT_RETAIN_SELF = YES;
				CLANG_WARN_OBJC_LITERAL_CONVERSION = YES;
				CLANG_WARN_OBJC_ROOT_CLASS = YES_ERROR;
				CLANG_WARN_QUOTED_INCLUDE_IN_FRAMEWORK_HEADER = YES;
				CLANG_WARN_RANGE_LOOP_ANALYSIS = YES;
				CLANG_WARN_STRICT_PROTOTYPES = YES;
				CLANG_WARN_SUSPICIOUS_MOVE = YES;
				CLANG_WARN_UNGUARDED_AVAILABILITY = YES_AGGRESSIVE;
				CLANG_WARN_UNREACHABLE_CODE = YES;
				CLANG_WARN__DUPLICATE_METHOD_MATCH = YES;
				COPY_PHASE_STRIP = NO;
				DEBUG_INFORMATION_FORMAT = "dwarf-with-dsym";
				ENABLE_NS_ASSERTIONS = NO;
				ENABLE_STRICT_OBJC_MSGSEND = YES;
				ENABLE_USER_SCRIPT_SANDBOXING = YES;
				GCC_C_LANGUAGE_STANDARD = gnu17;
				GCC_NO_COMMON_BLOCKS = YES;
				GCC_WARN_64_TO_32_BIT_CONVERSION = YES;
				GCC_WARN_ABOUT_RETURN_TYPE = YES_ERROR;
				GCC_WARN_UNDECLARED_SELECTOR = YES;
				GCC_WARN_UNINITIALIZED_AUTOS = YES_AGGRESSIVE;
				GCC_WARN_UNUSED_FUNCTION = YES;
				GCC_WARN_UNUSED_VARIABLE = YES;
				IPHONEOS_DEPLOYMENT_TARGET = 17.0;
				LOCALIZATION_PREFERS_STRING_CATALOGS = YES;
				MTL_ENABLE_DEBUG_INFO = NO;
				MTL_FAST_MATH = YES;
				SDKROOT = iphoneos;
				SWIFT_COMPILATION_MODE = wholemodule;
				VALIDATE_PRODUCT = YES;
			};
			name = Release;
		};
		6FAFEDF72B76A1F1009EF424 /* Debug */ = {
			isa = XCBuildConfiguration;
			buildSettings = {
				ASSETCATALOG_COMPILER_APPICON_NAME = AppIcon;
				ASSETCATALOG_COMPILER_GLOBAL_ACCENT_COLOR_NAME = AccentColor;
				CODE_SIGN_STYLE = Automatic;
				CURRENT_PROJECT_VERSION = 1;
				DEVELOPMENT_TEAM = MY48G2D2X9;
				GENERATE_INFOPLIST_FILE = YES;
				INFOPLIST_FILE = iOS_Project/Info.plist;
				INFOPLIST_KEY_UIApplicationSupportsIndirectInputEvents = YES;
				INFOPLIST_KEY_UILaunchStoryboardName = LaunchScreen;
				INFOPLIST_KEY_UIMainStoryboardFile = Main;
				INFOPLIST_KEY_UISupportedInterfaceOrientations_iPad = "UIInterfaceOrientationPortrait UIInterfaceOrientationPortraitUpsideDown UIInterfaceOrientationLandscapeLeft UIInterfaceOrientationLandscapeRight";
				INFOPLIST_KEY_UISupportedInterfaceOrientations_iPhone = "UIInterfaceOrientationPortrait UIInterfaceOrientationLandscapeLeft UIInterfaceOrientationLandscapeRight";
				LD_RUNPATH_SEARCH_PATHS = (
					"$(inherited)",
					"@executable_path/Frameworks",
				);
				MARKETING_VERSION = 1.0;
				PRODUCT_BUNDLE_IDENTIFIER = "classe.iOS-Project";
				PRODUCT_NAME = "$(TARGET_NAME)";
				SWIFT_EMIT_LOC_STRINGS = YES;
				SWIFT_VERSION = 5.0;
				TARGETED_DEVICE_FAMILY = "1,2";
			};
			name = Debug;
		};
		6FAFEDF82B76A1F1009EF424 /* Release */ = {
			isa = XCBuildConfiguration;
			buildSettings = {
				ASSETCATALOG_COMPILER_APPICON_NAME = AppIcon;
				ASSETCATALOG_COMPILER_GLOBAL_ACCENT_COLOR_NAME = AccentColor;
				CODE_SIGN_STYLE = Automatic;
				CURRENT_PROJECT_VERSION = 1;
				DEVELOPMENT_TEAM = MY48G2D2X9;
				GENERATE_INFOPLIST_FILE = YES;
				INFOPLIST_FILE = iOS_Project/Info.plist;
				INFOPLIST_KEY_UIApplicationSupportsIndirectInputEvents = YES;
				INFOPLIST_KEY_UILaunchStoryboardName = LaunchScreen;
				INFOPLIST_KEY_UIMainStoryboardFile = Main;
				INFOPLIST_KEY_UISupportedInterfaceOrientations_iPad = "UIInterfaceOrientationPortrait UIInterfaceOrientationPortraitUpsideDown UIInterfaceOrientationLandscapeLeft UIInterfaceOrientationLandscapeRight";
				INFOPLIST_KEY_UISupportedInterfaceOrientations_iPhone = "UIInterfaceOrientationPortrait UIInterfaceOrientationLandscapeLeft UIInterfaceOrientationLandscapeRight";
				LD_RUNPATH_SEARCH_PATHS = (
					"$(inherited)",
					"@executable_path/Frameworks",
				);
				MARKETING_VERSION = 1.0;
				PRODUCT_BUNDLE_IDENTIFIER = "classe.iOS-Project";
				PRODUCT_NAME = "$(TARGET_NAME)";
				SWIFT_EMIT_LOC_STRINGS = YES;
				SWIFT_VERSION = 5.0;
				TARGETED_DEVICE_FAMILY = "1,2";
			};
			name = Release;
		};
/* End XCBuildConfiguration section */

/* Begin XCConfigurationList section */
		6FAFEDDD2B76A1F0009EF424 /* Build configuration list for PBXProject "iOS_Project" */ = {
			isa = XCConfigurationList;
			buildConfigurations = (
				6FAFEDF42B76A1F1009EF424 /* Debug */,
				6FAFEDF52B76A1F1009EF424 /* Release */,
			);
			defaultConfigurationIsVisible = 0;
			defaultConfigurationName = Release;
		};
		6FAFEDF62B76A1F1009EF424 /* Build configuration list for PBXNativeTarget "iOS_Project" */ = {
			isa = XCConfigurationList;
			buildConfigurations = (
				6FAFEDF72B76A1F1009EF424 /* Debug */,
				6FAFEDF82B76A1F1009EF424 /* Release */,
			);
			defaultConfigurationIsVisible = 0;
			defaultConfigurationName = Release;
		};
/* End XCConfigurationList section */
	};
	rootObject = 6FAFEDDA2B76A1F0009EF424 /* Project object */;
}
