// !$*UTF8*$!
{
	archiveVersion = 1;
	classes = {
	};
	objectVersion = 56;
	objects = {

/* Begin PBXBuildFile section */
		6F366B1B2BE530170069AC77 /* ScreenOne.swift in Sources */ = {isa = PBXBuildFile; fileRef = 6F366B1A2BE530170069AC77 /* ScreenOne.swift */; };
		6F366B1D2BE5306E0069AC77 /* ScreenTwo.swift in Sources */ = {isa = PBXBuildFile; fileRef = 6F366B1C2BE5306E0069AC77 /* ScreenTwo.swift */; };
		6F366B1F2BE53C1F0069AC77 /* NavVC.swift in Sources */ = {isa = PBXBuildFile; fileRef = 6F366B1E2BE53C1F0069AC77 /* NavVC.swift */; };
		6F4F347D2BC0438E001F8BBC /* CGFloat+Dimensions.swift in Sources */ = {isa = PBXBuildFile; fileRef = 6F4F347C2BC0438E001F8BBC /* CGFloat+Dimensions.swift */; };
		6F4F347F2BC045CE001F8BBC /* Label.swift in Sources */ = {isa = PBXBuildFile; fileRef = 6F4F347E2BC045CE001F8BBC /* Label.swift */; };
		6F4F34812BC048C2001F8BBC /* UIFont+Resize.swift in Sources */ = {isa = PBXBuildFile; fileRef = 6F4F34802BC048C2001F8BBC /* UIFont+Resize.swift */; };
		6F4F34832BC04BF1001F8BBC /* String+Translations.swift in Sources */ = {isa = PBXBuildFile; fileRef = 6F4F34822BC04BF1001F8BBC /* String+Translations.swift */; };
		6F4F34852BC04D8E001F8BBC /* Button.swift in Sources */ = {isa = PBXBuildFile; fileRef = 6F4F34842BC04D8E001F8BBC /* Button.swift */; };
		6F5CC7FA2BC9793D00063060 /* Localizable.xcstrings in Resources */ = {isa = PBXBuildFile; fileRef = 6F5CC7F92BC9793D00063060 /* Localizable.xcstrings */; };
		6F7F491D2B922D1900F660E9 /* Note.swift in Sources */ = {isa = PBXBuildFile; fileRef = 6F7F491C2B922D1900F660E9 /* Note.swift */; };
		6F7F491F2B92336B00F660E9 /* UserDefaults+Codable.swift in Sources */ = {isa = PBXBuildFile; fileRef = 6F7F491E2B92336B00F660E9 /* UserDefaults+Codable.swift */; };
		6F7F49212B92480400F660E9 /* NoteDetailVC.swift in Sources */ = {isa = PBXBuildFile; fileRef = 6F7F49202B92480400F660E9 /* NoteDetailVC.swift */; };
		6F7F49232B92592F00F660E9 /* ButtonCell.swift in Sources */ = {isa = PBXBuildFile; fileRef = 6F7F49222B92592F00F660E9 /* ButtonCell.swift */; };
		6F9B27D42B9B6E6B0058A3FB /* HeroesListVC.swift in Sources */ = {isa = PBXBuildFile; fileRef = 6F9B27D32B9B6E6B0058A3FB /* HeroesListVC.swift */; };
		6F9B27DB2B9B6FDA0058A3FB /* VC.swift in Sources */ = {isa = PBXBuildFile; fileRef = 6F9B27DA2B9B6FDA0058A3FB /* VC.swift */; };
		6F9B27DE2B9B71060058A3FB /* Colors.xcassets in Resources */ = {isa = PBXBuildFile; fileRef = 6F9B27DD2B9B71060058A3FB /* Colors.xcassets */; };
		6F9B44E42B7FDD3300F4BBE9 /* SteamLoginViewController.swift in Sources */ = {isa = PBXBuildFile; fileRef = 6F9B44E32B7FDD3300F4BBE9 /* SteamLoginViewController.swift */; };
		6FAB57152BD2B643001585BD /* Observable.swift in Sources */ = {isa = PBXBuildFile; fileRef = 6FAB57142BD2B643001585BD /* Observable.swift */; };
		6FAB57172BD2D4BB001585BD /* ObservableArray.swift in Sources */ = {isa = PBXBuildFile; fileRef = 6FAB57162BD2D4BB001585BD /* ObservableArray.swift */; };
		6FAFEDE62B76A1F0009EF424 /* AppDelegate.swift in Sources */ = {isa = PBXBuildFile; fileRef = 6FAFEDE52B76A1F0009EF424 /* AppDelegate.swift */; };
		6FAFEDE82B76A1F0009EF424 /* SceneDelegate.swift in Sources */ = {isa = PBXBuildFile; fileRef = 6FAFEDE72B76A1F0009EF424 /* SceneDelegate.swift */; };
		6FAFEDEA2B76A1F0009EF424 /* ViewController.swift in Sources */ = {isa = PBXBuildFile; fileRef = 6FAFEDE92B76A1F0009EF424 /* ViewController.swift */; };
		6FAFEDEF2B76A1F1009EF424 /* Icons.xcassets in Resources */ = {isa = PBXBuildFile; fileRef = 6FAFEDEE2B76A1F1009EF424 /* Icons.xcassets */; };
		6FAFEDF22B76A1F1009EF424 /* LaunchScreen.storyboard in Resources */ = {isa = PBXBuildFile; fileRef = 6FAFEDF02B76A1F1009EF424 /* LaunchScreen.storyboard */; };
		6FAFEDFA2B76AF87009EF424 /* TestBindingViewController.swift in Sources */ = {isa = PBXBuildFile; fileRef = 6FAFEDF92B76AF87009EF424 /* TestBindingViewController.swift */; };
		6FB6F1562B89108100587338 /* TableTesteViewController.swift in Sources */ = {isa = PBXBuildFile; fileRef = 6FB6F1552B89108100587338 /* TableTesteViewController.swift */; };
		6FB6F1582B8913C500587338 /* TextCell.swift in Sources */ = {isa = PBXBuildFile; fileRef = 6FB6F1572B8913C500587338 /* TextCell.swift */; };
		6FB6F15A2B8924E700587338 /* NotesListViewController.swift in Sources */ = {isa = PBXBuildFile; fileRef = 6FB6F1592B8924E700587338 /* NotesListViewController.swift */; };
		6FB6F15C2B89280E00587338 /* NoteCell.swift in Sources */ = {isa = PBXBuildFile; fileRef = 6FB6F15B2B89280E00587338 /* NoteCell.swift */; };
		6FD4B9AC2BADD63A00F19EB9 /* HeroCell.swift in Sources */ = {isa = PBXBuildFile; fileRef = 6FD4B9AB2BADD63A00F19EB9 /* HeroCell.swift */; };
		6FD4B9AE2BADD66100F19EB9 /* Cell.swift in Sources */ = {isa = PBXBuildFile; fileRef = 6FD4B9AD2BADD66100F19EB9 /* Cell.swift */; };
		6FD4B9B02BADE94A00F19EB9 /* ImageView.swift in Sources */ = {isa = PBXBuildFile; fileRef = 6FD4B9AF2BADE94A00F19EB9 /* ImageView.swift */; };
		6FD4B9B42BADFE3E00F19EB9 /* StartVC.swift in Sources */ = {isa = PBXBuildFile; fileRef = 6FD4B9B32BADFE3E00F19EB9 /* StartVC.swift */; };
		6FD4B9B62BAE04B900F19EB9 /* UIView+Constraints.swift in Sources */ = {isa = PBXBuildFile; fileRef = 6FD4B9B52BAE04B900F19EB9 /* UIView+Constraints.swift */; };
		6FEE622A2BA4A32300B1B290 /* RepoManager.swift in Sources */ = {isa = PBXBuildFile; fileRef = 6FEE62292BA4A32300B1B290 /* RepoManager.swift */; };
		6FEE622D2BA4A4C200B1B290 /* MarvelRepository.swift in Sources */ = {isa = PBXBuildFile; fileRef = 6FEE622C2BA4A4C200B1B290 /* MarvelRepository.swift */; };
		6FEE62302BA4A79400B1B290 /* Hero.swift in Sources */ = {isa = PBXBuildFile; fileRef = 6FEE622F2BA4A79400B1B290 /* Hero.swift */; };
		6FEE62322BA4AA9100B1B290 /* MarvelApiRepository.swift in Sources */ = {isa = PBXBuildFile; fileRef = 6FEE62312BA4AA9100B1B290 /* MarvelApiRepository.swift */; };
		6FEE62352BA4B65B00B1B290 /* +Heroes.swift in Sources */ = {isa = PBXBuildFile; fileRef = 6FEE62342BA4B65B00B1B290 /* +Heroes.swift */; };
		6FEE62372BA4D11D00B1B290 /* URLSession+JSON.swift in Sources */ = {isa = PBXBuildFile; fileRef = 6FEE62362BA4D11D00B1B290 /* URLSession+JSON.swift */; };
/* End PBXBuildFile section */

/* Begin PBXFileReference section */
		6F366B1A2BE530170069AC77 /* ScreenOne.swift */ = {isa = PBXFileReference; lastKnownFileType = sourcecode.swift; path = ScreenOne.swift; sourceTree = "<group>"; };
		6F366B1C2BE5306E0069AC77 /* ScreenTwo.swift */ = {isa = PBXFileReference; lastKnownFileType = sourcecode.swift; path = ScreenTwo.swift; sourceTree = "<group>"; };
		6F366B1E2BE53C1F0069AC77 /* NavVC.swift */ = {isa = PBXFileReference; lastKnownFileType = sourcecode.swift; path = NavVC.swift; sourceTree = "<group>"; };
		6F4F347C2BC0438E001F8BBC /* CGFloat+Dimensions.swift */ = {isa = PBXFileReference; lastKnownFileType = sourcecode.swift; path = "CGFloat+Dimensions.swift"; sourceTree = "<group>"; };
		6F4F347E2BC045CE001F8BBC /* Label.swift */ = {isa = PBXFileReference; lastKnownFileType = sourcecode.swift; path = Label.swift; sourceTree = "<group>"; };
		6F4F34802BC048C2001F8BBC /* UIFont+Resize.swift */ = {isa = PBXFileReference; lastKnownFileType = sourcecode.swift; path = "UIFont+Resize.swift"; sourceTree = "<group>"; };
		6F4F34822BC04BF1001F8BBC /* String+Translations.swift */ = {isa = PBXFileReference; lastKnownFileType = sourcecode.swift; path = "String+Translations.swift"; sourceTree = "<group>"; };
		6F4F34842BC04D8E001F8BBC /* Button.swift */ = {isa = PBXFileReference; lastKnownFileType = sourcecode.swift; path = Button.swift; sourceTree = "<group>"; };
		6F5CC7F92BC9793D00063060 /* Localizable.xcstrings */ = {isa = PBXFileReference; lastKnownFileType = text.json.xcstrings; path = Localizable.xcstrings; sourceTree = "<group>"; };
		6F5CC7FB2BC979D800063060 /* ca */ = {isa = PBXFileReference; lastKnownFileType = text.plist.strings; name = ca; path = ca.lproj/LaunchScreen.strings; sourceTree = "<group>"; };
		6F7F491C2B922D1900F660E9 /* Note.swift */ = {isa = PBXFileReference; lastKnownFileType = sourcecode.swift; path = Note.swift; sourceTree = "<group>"; };
		6F7F491E2B92336B00F660E9 /* UserDefaults+Codable.swift */ = {isa = PBXFileReference; lastKnownFileType = sourcecode.swift; path = "UserDefaults+Codable.swift"; sourceTree = "<group>"; };
		6F7F49202B92480400F660E9 /* NoteDetailVC.swift */ = {isa = PBXFileReference; lastKnownFileType = sourcecode.swift; path = NoteDetailVC.swift; sourceTree = "<group>"; };
		6F7F49222B92592F00F660E9 /* ButtonCell.swift */ = {isa = PBXFileReference; lastKnownFileType = sourcecode.swift; path = ButtonCell.swift; sourceTree = "<group>"; };
		6F9B27D32B9B6E6B0058A3FB /* HeroesListVC.swift */ = {isa = PBXFileReference; lastKnownFileType = sourcecode.swift; path = HeroesListVC.swift; sourceTree = "<group>"; };
		6F9B27DA2B9B6FDA0058A3FB /* VC.swift */ = {isa = PBXFileReference; lastKnownFileType = sourcecode.swift; path = VC.swift; sourceTree = "<group>"; };
		6F9B27DD2B9B71060058A3FB /* Colors.xcassets */ = {isa = PBXFileReference; lastKnownFileType = folder.assetcatalog; path = Colors.xcassets; sourceTree = "<group>"; };
		6F9B44E32B7FDD3300F4BBE9 /* SteamLoginViewController.swift */ = {isa = PBXFileReference; lastKnownFileType = sourcecode.swift; path = SteamLoginViewController.swift; sourceTree = "<group>"; };
		6FAB57142BD2B643001585BD /* Observable.swift */ = {isa = PBXFileReference; lastKnownFileType = sourcecode.swift; path = Observable.swift; sourceTree = "<group>"; };
		6FAB57162BD2D4BB001585BD /* ObservableArray.swift */ = {isa = PBXFileReference; lastKnownFileType = sourcecode.swift; path = ObservableArray.swift; sourceTree = "<group>"; };
		6FAFEDE22B76A1F0009EF424 /* iOS_Project.app */ = {isa = PBXFileReference; explicitFileType = wrapper.application; includeInIndex = 0; path = iOS_Project.app; sourceTree = BUILT_PRODUCTS_DIR; };
		6FAFEDE52B76A1F0009EF424 /* AppDelegate.swift */ = {isa = PBXFileReference; lastKnownFileType = sourcecode.swift; path = AppDelegate.swift; sourceTree = "<group>"; };
		6FAFEDE72B76A1F0009EF424 /* SceneDelegate.swift */ = {isa = PBXFileReference; lastKnownFileType = sourcecode.swift; path = SceneDelegate.swift; sourceTree = "<group>"; };
		6FAFEDE92B76A1F0009EF424 /* ViewController.swift */ = {isa = PBXFileReference; lastKnownFileType = sourcecode.swift; path = ViewController.swift; sourceTree = "<group>"; };
		6FAFEDEE2B76A1F1009EF424 /* Icons.xcassets */ = {isa = PBXFileReference; lastKnownFileType = folder.assetcatalog; path = Icons.xcassets; sourceTree = "<group>"; };
		6FAFEDF12B76A1F1009EF424 /* Base */ = {isa = PBXFileReference; lastKnownFileType = file.storyboard; name = Base; path = Base.lproj/LaunchScreen.storyboard; sourceTree = "<group>"; };
		6FAFEDF32B76A1F1009EF424 /* Info.plist */ = {isa = PBXFileReference; lastKnownFileType = text.plist.xml; path = Info.plist; sourceTree = "<group>"; };
		6FAFEDF92B76AF87009EF424 /* TestBindingViewController.swift */ = {isa = PBXFileReference; lastKnownFileType = sourcecode.swift; path = TestBindingViewController.swift; sourceTree = "<group>"; };
		6FB6F1552B89108100587338 /* TableTesteViewController.swift */ = {isa = PBXFileReference; lastKnownFileType = sourcecode.swift; path = TableTesteViewController.swift; sourceTree = "<group>"; };
		6FB6F1572B8913C500587338 /* TextCell.swift */ = {isa = PBXFileReference; lastKnownFileType = sourcecode.swift; path = TextCell.swift; sourceTree = "<group>"; };
		6FB6F1592B8924E700587338 /* NotesListViewController.swift */ = {isa = PBXFileReference; lastKnownFileType = sourcecode.swift; path = NotesListViewController.swift; sourceTree = "<group>"; };
		6FB6F15B2B89280E00587338 /* NoteCell.swift */ = {isa = PBXFileReference; lastKnownFileType = sourcecode.swift; path = NoteCell.swift; sourceTree = "<group>"; };
		6FD4B9AB2BADD63A00F19EB9 /* HeroCell.swift */ = {isa = PBXFileReference; lastKnownFileType = sourcecode.swift; path = HeroCell.swift; sourceTree = "<group>"; };
		6FD4B9AD2BADD66100F19EB9 /* Cell.swift */ = {isa = PBXFileReference; lastKnownFileType = sourcecode.swift; path = Cell.swift; sourceTree = "<group>"; };
		6FD4B9AF2BADE94A00F19EB9 /* ImageView.swift */ = {isa = PBXFileReference; lastKnownFileType = sourcecode.swift; path = ImageView.swift; sourceTree = "<group>"; };
		6FD4B9B32BADFE3E00F19EB9 /* StartVC.swift */ = {isa = PBXFileReference; lastKnownFileType = sourcecode.swift; path = StartVC.swift; sourceTree = "<group>"; };
		6FD4B9B52BAE04B900F19EB9 /* UIView+Constraints.swift */ = {isa = PBXFileReference; lastKnownFileType = sourcecode.swift; path = "UIView+Constraints.swift"; sourceTree = "<group>"; };
		6FEE62292BA4A32300B1B290 /* RepoManager.swift */ = {isa = PBXFileReference; lastKnownFileType = sourcecode.swift; path = RepoManager.swift; sourceTree = "<group>"; };
		6FEE622C2BA4A4C200B1B290 /* MarvelRepository.swift */ = {isa = PBXFileReference; lastKnownFileType = sourcecode.swift; path = MarvelRepository.swift; sourceTree = "<group>"; };
		6FEE622F2BA4A79400B1B290 /* Hero.swift */ = {isa = PBXFileReference; lastKnownFileType = sourcecode.swift; path = Hero.swift; sourceTree = "<group>"; };
		6FEE62312BA4AA9100B1B290 /* MarvelApiRepository.swift */ = {isa = PBXFileReference; lastKnownFileType = sourcecode.swift; path = MarvelApiRepository.swift; sourceTree = "<group>"; };
		6FEE62342BA4B65B00B1B290 /* +Heroes.swift */ = {isa = PBXFileReference; lastKnownFileType = sourcecode.swift; path = "+Heroes.swift"; sourceTree = "<group>"; };
		6FEE62362BA4D11D00B1B290 /* URLSession+JSON.swift */ = {isa = PBXFileReference; lastKnownFileType = sourcecode.swift; path = "URLSession+JSON.swift"; sourceTree = "<group>"; };
/* End PBXFileReference section */

/* Begin PBXFrameworksBuildPhase section */
		6FAFEDDF2B76A1F0009EF424 /* Frameworks */ = {
			isa = PBXFrameworksBuildPhase;
			buildActionMask = 2147483647;
			files = (
			);
			runOnlyForDeploymentPostprocessing = 0;
		};
/* End PBXFrameworksBuildPhase section */

/* Begin PBXGroup section */
		6F9B27CD2B9B6B650058A3FB /* Setup */ = {
			isa = PBXGroup;
			children = (
				6FAFEDF32B76A1F1009EF424 /* Info.plist */,
				6FAFEDF02B76A1F1009EF424 /* LaunchScreen.storyboard */,
				6FAFEDE52B76A1F0009EF424 /* AppDelegate.swift */,
				6FAFEDE72B76A1F0009EF424 /* SceneDelegate.swift */,
			);
			path = Setup;
			sourceTree = "<group>";
		};
		6F9B27CE2B9B6BE10058A3FB /* TO_DELETE */ = {
			isa = PBXGroup;
			children = (
				6FB6F1552B89108100587338 /* TableTesteViewController.swift */,
				6FAFEDE92B76A1F0009EF424 /* ViewController.swift */,
				6FAFEDF92B76AF87009EF424 /* TestBindingViewController.swift */,
				6F9B44E32B7FDD3300F4BBE9 /* SteamLoginViewController.swift */,
				6FB6F1572B8913C500587338 /* TextCell.swift */,
				6FB6F1592B8924E700587338 /* NotesListViewController.swift */,
				6F7F491C2B922D1900F660E9 /* Note.swift */,
				6FB6F15B2B89280E00587338 /* NoteCell.swift */,
				6F7F49202B92480400F660E9 /* NoteDetailVC.swift */,
				6F7F49222B92592F00F660E9 /* ButtonCell.swift */,
			);
			path = TO_DELETE;
			sourceTree = "<group>";
		};
		6F9B27CF2B9B6DC20058A3FB /* Extensions */ = {
			isa = PBXGroup;
			children = (
				6F7F491E2B92336B00F660E9 /* UserDefaults+Codable.swift */,
				6FEE62362BA4D11D00B1B290 /* URLSession+JSON.swift */,
				6FD4B9B52BAE04B900F19EB9 /* UIView+Constraints.swift */,
				6F4F347C2BC0438E001F8BBC /* CGFloat+Dimensions.swift */,
				6F4F34802BC048C2001F8BBC /* UIFont+Resize.swift */,
				6F4F34822BC04BF1001F8BBC /* String+Translations.swift */,
			);
			path = Extensions;
			sourceTree = "<group>";
		};
		6F9B27D02B9B6DF10058A3FB /* Views */ = {
			isa = PBXGroup;
			children = (
				6FD4B9B22BADFE1800F19EB9 /* VCs */,
				6FD4B9B12BADFDF700F19EB9 /* Heroes */,
			);
			path = Views;
			sourceTree = "<group>";
		};
		6F9B27D12B9B6E310058A3FB /* ViewControllers */ = {
			isa = PBXGroup;
			children = (
				6F9B27D32B9B6E6B0058A3FB /* HeroesListVC.swift */,
			);
			path = ViewControllers;
			sourceTree = "<group>";
		};
		6F9B27D22B9B6E3E0058A3FB /* Cells */ = {
			isa = PBXGroup;
			children = (
				6FD4B9AB2BADD63A00F19EB9 /* HeroCell.swift */,
			);
			path = Cells;
			sourceTree = "<group>";
		};
		6F9B27D52B9B6EA70058A3FB /* Components */ = {
			isa = PBXGroup;
			children = (
				6FAB57132BD2B600001585BD /* Observables */,
				6F9B27DA2B9B6FDA0058A3FB /* VC.swift */,
				6F366B1E2BE53C1F0069AC77 /* NavVC.swift */,
				6FD4B9AD2BADD66100F19EB9 /* Cell.swift */,
				6FD4B9AF2BADE94A00F19EB9 /* ImageView.swift */,
				6F4F347E2BC045CE001F8BBC /* Label.swift */,
				6F4F34842BC04D8E001F8BBC /* Button.swift */,
			);
			path = Components;
			sourceTree = "<group>";
		};
		6F9B27DC2B9B70AE0058A3FB /* Assets */ = {
			isa = PBXGroup;
			children = (
				6FAFEDEE2B76A1F1009EF424 /* Icons.xcassets */,
				6F9B27DD2B9B71060058A3FB /* Colors.xcassets */,
				6F5CC7F92BC9793D00063060 /* Localizable.xcstrings */,
			);
			path = Assets;
			sourceTree = "<group>";
		};
		6FAB57132BD2B600001585BD /* Observables */ = {
			isa = PBXGroup;
			children = (
				6FAB57142BD2B643001585BD /* Observable.swift */,
				6FAB57162BD2D4BB001585BD /* ObservableArray.swift */,
			);
			path = Observables;
			sourceTree = "<group>";
		};
		6FAFEDD92B76A1F0009EF424 = {
			isa = PBXGroup;
			children = (
				6FAFEDE42B76A1F0009EF424 /* iOS_Project */,
				6FAFEDE32B76A1F0009EF424 /* Products */,
			);
			sourceTree = "<group>";
		};
		6FAFEDE32B76A1F0009EF424 /* Products */ = {
			isa = PBXGroup;
			children = (
				6FAFEDE22B76A1F0009EF424 /* iOS_Project.app */,
			);
			name = Products;
			sourceTree = "<group>";
		};
		6FAFEDE42B76A1F0009EF424 /* iOS_Project */ = {
			isa = PBXGroup;
			children = (
				6FEE622E2BA4A73100B1B290 /* Models */,
				6FEE62282BA4A2EE00B1B290 /* RepositoryManager */,
				6F9B27DC2B9B70AE0058A3FB /* Assets */,
				6F9B27CD2B9B6B650058A3FB /* Setup */,
				6F9B27CE2B9B6BE10058A3FB /* TO_DELETE */,
				6F9B27CF2B9B6DC20058A3FB /* Extensions */,
				6F9B27D52B9B6EA70058A3FB /* Components */,
				6F9B27D02B9B6DF10058A3FB /* Views */,
			);
			path = iOS_Project;
			sourceTree = "<group>";
		};
		6FD4B9B12BADFDF700F19EB9 /* Heroes */ = {
			isa = PBXGroup;
			children = (
				6F9B27D12B9B6E310058A3FB /* ViewControllers */,
				6F9B27D22B9B6E3E0058A3FB /* Cells */,
			);
			path = Heroes;
			sourceTree = "<group>";
		};
		6FD4B9B22BADFE1800F19EB9 /* VCs */ = {
			isa = PBXGroup;
			children = (
				6FD4B9B32BADFE3E00F19EB9 /* StartVC.swift */,
				6F366B1A2BE530170069AC77 /* ScreenOne.swift */,
				6F366B1C2BE5306E0069AC77 /* ScreenTwo.swift */,
			);
			path = VCs;
			sourceTree = "<group>";
		};
		6FEE62282BA4A2EE00B1B290 /* RepositoryManager */ = {
			isa = PBXGroup;
			children = (
				6FEE62292BA4A32300B1B290 /* RepoManager.swift */,
				6FEE622B2BA4A47400B1B290 /* Marvel */,
			);
			path = RepositoryManager;
			sourceTree = "<group>";
		};
		6FEE622B2BA4A47400B1B290 /* Marvel */ = {
			isa = PBXGroup;
			children = (
				6FEE622C2BA4A4C200B1B290 /* MarvelRepository.swift */,
				6FEE62332BA4B63D00B1B290 /* Api */,
			);
			path = Marvel;
			sourceTree = "<group>";
		};
		6FEE622E2BA4A73100B1B290 /* Models */ = {
			isa = PBXGroup;
			children = (
				6FEE622F2BA4A79400B1B290 /* Hero.swift */,
			);
			path = Models;
			sourceTree = "<group>";
		};
		6FEE62332BA4B63D00B1B290 /* Api */ = {
			isa = PBXGroup;
			children = (
				6FEE62312BA4AA9100B1B290 /* MarvelApiRepository.swift */,
				6FEE62342BA4B65B00B1B290 /* +Heroes.swift */,
			);
			path = Api;
			sourceTree = "<group>";
		};
/* End PBXGroup section */

/* Begin PBXNativeTarget section */
		6FAFEDE12B76A1F0009EF424 /* iOS_Project */ = {
			isa = PBXNativeTarget;
			buildConfigurationList = 6FAFEDF62B76A1F1009EF424 /* Build configuration list for PBXNativeTarget "iOS_Project" */;
			buildPhases = (
				6FAFEDDE2B76A1F0009EF424 /* Sources */,
				6FAFEDDF2B76A1F0009EF424 /* Frameworks */,
				6FAFEDE02B76A1F0009EF424 /* Resources */,
			);
			buildRules = (
			);
			dependencies = (
			);
			name = iOS_Project;
			productName = iOS_Project;
			productReference = 6FAFEDE22B76A1F0009EF424 /* iOS_Project.app */;
			productType = "com.apple.product-type.application";
		};
/* End PBXNativeTarget section */

/* Begin PBXProject section */
		6FAFEDDA2B76A1F0009EF424 /* Project object */ = {
			isa = PBXProject;
			attributes = {
				BuildIndependentTargetsInParallel = 1;
				LastSwiftUpdateCheck = 1500;
				LastUpgradeCheck = 1500;
				TargetAttributes = {
					6FAFEDE12B76A1F0009EF424 = {
						CreatedOnToolsVersion = 15.0.1;
					};
				};
			};
			buildConfigurationList = 6FAFEDDD2B76A1F0009EF424 /* Build configuration list for PBXProject "iOS_Project" */;
			compatibilityVersion = "Xcode 14.0";
			developmentRegion = en;
			hasScannedForEncodings = 0;
			knownRegions = (
				en,
				Base,
				ca,
			);
			mainGroup = 6FAFEDD92B76A1F0009EF424;
			productRefGroup = 6FAFEDE32B76A1F0009EF424 /* Products */;
			projectDirPath = "";
			projectRoot = "";
			targets = (
				6FAFEDE12B76A1F0009EF424 /* iOS_Project */,
			);
		};
/* End PBXProject section */

/* Begin PBXResourcesBuildPhase section */
		6FAFEDE02B76A1F0009EF424 /* Resources */ = {
			isa = PBXResourcesBuildPhase;
			buildActionMask = 2147483647;
			files = (
				6FAFEDF22B76A1F1009EF424 /* LaunchScreen.storyboard in Resources */,
				6F9B27DE2B9B71060058A3FB /* Colors.xcassets in Resources */,
				6F5CC7FA2BC9793D00063060 /* Localizable.xcstrings in Resources */,
				6FAFEDEF2B76A1F1009EF424 /* Icons.xcassets in Resources */,
			);
			runOnlyForDeploymentPostprocessing = 0;
		};
/* End PBXResourcesBuildPhase section */

/* Begin PBXSourcesBuildPhase section */
		6FAFEDDE2B76A1F0009EF424 /* Sources */ = {
			isa = PBXSourcesBuildPhase;
			buildActionMask = 2147483647;
			files = (
				6F366B1F2BE53C1F0069AC77 /* NavVC.swift in Sources */,
				6FD4B9B02BADE94A00F19EB9 /* ImageView.swift in Sources */,
				6F9B44E42B7FDD3300F4BBE9 /* SteamLoginViewController.swift in Sources */,
				6F4F34812BC048C2001F8BBC /* UIFont+Resize.swift in Sources */,
				6FD4B9AE2BADD66100F19EB9 /* Cell.swift in Sources */,
				6FD4B9B62BAE04B900F19EB9 /* UIView+Constraints.swift in Sources */,
				6F4F34852BC04D8E001F8BBC /* Button.swift in Sources */,
				6F7F49232B92592F00F660E9 /* ButtonCell.swift in Sources */,
				6F9B27D42B9B6E6B0058A3FB /* HeroesListVC.swift in Sources */,
				6FAFEDFA2B76AF87009EF424 /* TestBindingViewController.swift in Sources */,
				6FAFEDEA2B76A1F0009EF424 /* ViewController.swift in Sources */,
				6FB6F1582B8913C500587338 /* TextCell.swift in Sources */,
				6FB6F15A2B8924E700587338 /* NotesListViewController.swift in Sources */,
				6F7F491F2B92336B00F660E9 /* UserDefaults+Codable.swift in Sources */,
				6FEE622A2BA4A32300B1B290 /* RepoManager.swift in Sources */,
				6F9B27DB2B9B6FDA0058A3FB /* VC.swift in Sources */,
				6F7F491D2B922D1900F660E9 /* Note.swift in Sources */,
				6FAB57152BD2B643001585BD /* Observable.swift in Sources */,
				6FAB57172BD2D4BB001585BD /* ObservableArray.swift in Sources */,
				6FEE62302BA4A79400B1B290 /* Hero.swift in Sources */,
				6FEE62372BA4D11D00B1B290 /* URLSession+JSON.swift in Sources */,
				6F4F347D2BC0438E001F8BBC /* CGFloat+Dimensions.swift in Sources */,
				6FB6F1562B89108100587338 /* TableTesteViewController.swift in Sources */,
				6FB6F15C2B89280E00587338 /* NoteCell.swift in Sources */,
				6F4F34832BC04BF1001F8BBC /* String+Translations.swift in Sources */,
				6F366B1B2BE530170069AC77 /* ScreenOne.swift in Sources */,
				6FEE62322BA4AA9100B1B290 /* MarvelApiRepository.swift in Sources */,
				6FEE62352BA4B65B00B1B290 /* +Heroes.swift in Sources */,
				6FEE622D2BA4A4C200B1B290 /* MarvelRepository.swift in Sources */,
				6FD4B9B42BADFE3E00F19EB9 /* StartVC.swift in Sources */,
				6FAFEDE62B76A1F0009EF424 /* AppDelegate.swift in Sources */,
				6FD4B9AC2BADD63A00F19EB9 /* HeroCell.swift in Sources */,
				6FAFEDE82B76A1F0009EF424 /* SceneDelegate.swift in Sources */,
				6F4F347F2BC045CE001F8BBC /* Label.swift in Sources */,
				6F366B1D2BE5306E0069AC77 /* ScreenTwo.swift in Sources */,
				6F7F49212B92480400F660E9 /* NoteDetailVC.swift in Sources */,
			);
			runOnlyForDeploymentPostprocessing = 0;
		};
/* End PBXSourcesBuildPhase section */

/* Begin PBXVariantGroup section */
		6FAFEDF02B76A1F1009EF424 /* LaunchScreen.storyboard */ = {
			isa = PBXVariantGroup;
			children = (
				6FAFEDF12B76A1F1009EF424 /* Base */,
				6F5CC7FB2BC979D800063060 /* ca */,
			);
			name = LaunchScreen.storyboard;
			sourceTree = "<group>";
		};
/* End PBXVariantGroup section */

/* Begin XCBuildConfiguration section */
		6FAFEDF42B76A1F1009EF424 /* Debug */ = {
			isa = XCBuildConfiguration;
			buildSettings = {
				ALWAYS_SEARCH_USER_PATHS = NO;
				ASSETCATALOG_COMPILER_GENERATE_SWIFT_ASSET_SYMBOL_EXTENSIONS = YES;
				CLANG_ANALYZER_LOCALIZABILITY_NONLOCALIZED = YES;
				CLANG_ANALYZER_NONNULL = YES;
				CLANG_ANALYZER_NUMBER_OBJECT_CONVERSION = YES_AGGRESSIVE;
				CLANG_CXX_LANGUAGE_STANDARD = "gnu++20";
				CLANG_ENABLE_MODULES = YES;
				CLANG_ENABLE_OBJC_ARC = YES;
				CLANG_ENABLE_OBJC_WEAK = YES;
				CLANG_WARN_BLOCK_CAPTURE_AUTORELEASING = YES;
				CLANG_WARN_BOOL_CONVERSION = YES;
				CLANG_WARN_COMMA = YES;
				CLANG_WARN_CONSTANT_CONVERSION = YES;
				CLANG_WARN_DEPRECATED_OBJC_IMPLEMENTATIONS = YES;
				CLANG_WARN_DIRECT_OBJC_ISA_USAGE = YES_ERROR;
				CLANG_WARN_DOCUMENTATION_COMMENTS = YES;
				CLANG_WARN_EMPTY_BODY = YES;
				CLANG_WARN_ENUM_CONVERSION = YES;
				CLANG_WARN_INFINITE_RECURSION = YES;
				CLANG_WARN_INT_CONVERSION = YES;
				CLANG_WARN_NON_LITERAL_NULL_CONVERSION = YES;
				CLANG_WARN_OBJC_IMPLICIT_RETAIN_SELF = YES;
				CLANG_WARN_OBJC_LITERAL_CONVERSION = YES;
				CLANG_WARN_OBJC_ROOT_CLASS = YES_ERROR;
				CLANG_WARN_QUOTED_INCLUDE_IN_FRAMEWORK_HEADER = YES;
				CLANG_WARN_RANGE_LOOP_ANALYSIS = YES;
				CLANG_WARN_STRICT_PROTOTYPES = YES;
				CLANG_WARN_SUSPICIOUS_MOVE = YES;
				CLANG_WARN_UNGUARDED_AVAILABILITY = YES_AGGRESSIVE;
				CLANG_WARN_UNREACHABLE_CODE = YES;
				CLANG_WARN__DUPLICATE_METHOD_MATCH = YES;
				COPY_PHASE_STRIP = NO;
				DEBUG_INFORMATION_FORMAT = dwarf;
				ENABLE_STRICT_OBJC_MSGSEND = YES;
				ENABLE_TESTABILITY = YES;
				ENABLE_USER_SCRIPT_SANDBOXING = YES;
				GCC_C_LANGUAGE_STANDARD = gnu17;
				GCC_DYNAMIC_NO_PIC = NO;
				GCC_NO_COMMON_BLOCKS = YES;
				GCC_OPTIMIZATION_LEVEL = 0;
				GCC_PREPROCESSOR_DEFINITIONS = (
					"DEBUG=1",
					"$(inherited)",
				);
				GCC_WARN_64_TO_32_BIT_CONVERSION = YES;
				GCC_WARN_ABOUT_RETURN_TYPE = YES_ERROR;
				GCC_WARN_UNDECLARED_SELECTOR = YES;
				GCC_WARN_UNINITIALIZED_AUTOS = YES_AGGRESSIVE;
				GCC_WARN_UNUSED_FUNCTION = YES;
				GCC_WARN_UNUSED_VARIABLE = YES;
				IPHONEOS_DEPLOYMENT_TARGET = 17.0;
				LOCALIZATION_PREFERS_STRING_CATALOGS = YES;
				MTL_ENABLE_DEBUG_INFO = INCLUDE_SOURCE;
				MTL_FAST_MATH = YES;
				ONLY_ACTIVE_ARCH = YES;
				SDKROOT = iphoneos;
				SWIFT_ACTIVE_COMPILATION_CONDITIONS = "DEBUG $(inherited)";
				SWIFT_OPTIMIZATION_LEVEL = "-Onone";
			};
			name = Debug;
		};
		6FAFEDF52B76A1F1009EF424 /* Release */ = {
			isa = XCBuildConfiguration;
			buildSettings = {
				ALWAYS_SEARCH_USER_PATHS = NO;
				ASSETCATALOG_COMPILER_GENERATE_SWIFT_ASSET_SYMBOL_EXTENSIONS = YES;
				CLANG_ANALYZER_LOCALIZABILITY_NONLOCALIZED = YES;
				CLANG_ANALYZER_NONNULL = YES;
				CLANG_ANALYZER_NUMBER_OBJECT_CONVERSION = YES_AGGRESSIVE;
				CLANG_CXX_LANGUAGE_STANDARD = "gnu++20";
				CLANG_ENABLE_MODULES = YES;
				CLANG_ENABLE_OBJC_ARC = YES;
				CLANG_ENABLE_OBJC_WEAK = YES;
				CLANG_WARN_BLOCK_CAPTURE_AUTORELEASING = YES;
				CLANG_WARN_BOOL_CONVERSION = YES;
				CLANG_WARN_COMMA = YES;
				CLANG_WARN_CONSTANT_CONVERSION = YES;
				CLANG_WARN_DEPRECATED_OBJC_IMPLEMENTATIONS = YES;
				CLANG_WARN_DIRECT_OBJC_ISA_USAGE = YES_ERROR;
				CLANG_WARN_DOCUMENTATION_COMMENTS = YES;
				CLANG_WARN_EMPTY_BODY = YES;
				CLANG_WARN_ENUM_CONVERSION = YES;
				CLANG_WARN_INFINITE_RECURSION = YES;
				CLANG_WARN_INT_CONVERSION = YES;
				CLANG_WARN_NON_LITERAL_NULL_CONVERSION = YES;
				CLANG_WARN_OBJC_IMPLICIT_RETAIN_SELF = YES;
				CLANG_WARN_OBJC_LITERAL_CONVERSION = YES;
				CLANG_WARN_OBJC_ROOT_CLASS = YES_ERROR;
				CLANG_WARN_QUOTED_INCLUDE_IN_FRAMEWORK_HEADER = YES;
				CLANG_WARN_RANGE_LOOP_ANALYSIS = YES;
				CLANG_WARN_STRICT_PROTOTYPES = YES;
				CLANG_WARN_SUSPICIOUS_MOVE = YES;
				CLANG_WARN_UNGUARDED_AVAILABILITY = YES_AGGRESSIVE;
				CLANG_WARN_UNREACHABLE_CODE = YES;
				CLANG_WARN__DUPLICATE_METHOD_MATCH = YES;
				COPY_PHASE_STRIP = NO;
				DEBUG_INFORMATION_FORMAT = "dwarf-with-dsym";
				ENABLE_NS_ASSERTIONS = NO;
				ENABLE_STRICT_OBJC_MSGSEND = YES;
				ENABLE_USER_SCRIPT_SANDBOXING = YES;
				GCC_C_LANGUAGE_STANDARD = gnu17;
				GCC_NO_COMMON_BLOCKS = YES;
				GCC_WARN_64_TO_32_BIT_CONVERSION = YES;
				GCC_WARN_ABOUT_RETURN_TYPE = YES_ERROR;
				GCC_WARN_UNDECLARED_SELECTOR = YES;
				GCC_WARN_UNINITIALIZED_AUTOS = YES_AGGRESSIVE;
				GCC_WARN_UNUSED_FUNCTION = YES;
				GCC_WARN_UNUSED_VARIABLE = YES;
				IPHONEOS_DEPLOYMENT_TARGET = 17.0;
				LOCALIZATION_PREFERS_STRING_CATALOGS = YES;
				MTL_ENABLE_DEBUG_INFO = NO;
				MTL_FAST_MATH = YES;
				SDKROOT = iphoneos;
				SWIFT_COMPILATION_MODE = wholemodule;
				VALIDATE_PRODUCT = YES;
			};
			name = Release;
		};
		6FAFEDF72B76A1F1009EF424 /* Debug */ = {
			isa = XCBuildConfiguration;
			buildSettings = {
				ASSETCATALOG_COMPILER_APPICON_NAME = AppIcon;
				ASSETCATALOG_COMPILER_GLOBAL_ACCENT_COLOR_NAME = AccentColor;
				CODE_SIGN_STYLE = Automatic;
				CURRENT_PROJECT_VERSION = 1;
				DEVELOPMENT_TEAM = MY48G2D2X9;
				GENERATE_INFOPLIST_FILE = YES;
				INFOPLIST_FILE = iOS_Project/Setup/Info.plist;
				INFOPLIST_KEY_UIApplicationSupportsIndirectInputEvents = YES;
				INFOPLIST_KEY_UILaunchStoryboardName = LaunchScreen;
				INFOPLIST_KEY_UISupportedInterfaceOrientations_iPad = "UIInterfaceOrientationPortrait UIInterfaceOrientationPortraitUpsideDown UIInterfaceOrientationLandscapeLeft UIInterfaceOrientationLandscapeRight";
				INFOPLIST_KEY_UISupportedInterfaceOrientations_iPhone = "UIInterfaceOrientationPortrait UIInterfaceOrientationLandscapeLeft UIInterfaceOrientationLandscapeRight";
				LD_RUNPATH_SEARCH_PATHS = (
					"$(inherited)",
					"@executable_path/Frameworks",
				);
				MARKETING_VERSION = 1.0;
				PRODUCT_BUNDLE_IDENTIFIER = "classe.iOS-Project";
				PRODUCT_NAME = "$(TARGET_NAME)";
				SWIFT_EMIT_LOC_STRINGS = YES;
				SWIFT_VERSION = 5.0;
				TARGETED_DEVICE_FAMILY = "1,2";
			};
			name = Debug;
		};
		6FAFEDF82B76A1F1009EF424 /* Release */ = {
			isa = XCBuildConfiguration;
			buildSettings = {
				ASSETCATALOG_COMPILER_APPICON_NAME = AppIcon;
				ASSETCATALOG_COMPILER_GLOBAL_ACCENT_COLOR_NAME = AccentColor;
				CODE_SIGN_STYLE = Automatic;
				CURRENT_PROJECT_VERSION = 1;
				DEVELOPMENT_TEAM = MY48G2D2X9;
				GENERATE_INFOPLIST_FILE = YES;
				INFOPLIST_FILE = iOS_Project/Setup/Info.plist;
				INFOPLIST_KEY_UIApplicationSupportsIndirectInputEvents = YES;
				INFOPLIST_KEY_UILaunchStoryboardName = LaunchScreen;
				INFOPLIST_KEY_UISupportedInterfaceOrientations_iPad = "UIInterfaceOrientationPortrait UIInterfaceOrientationPortraitUpsideDown UIInterfaceOrientationLandscapeLeft UIInterfaceOrientationLandscapeRight";
				INFOPLIST_KEY_UISupportedInterfaceOrientations_iPhone = "UIInterfaceOrientationPortrait UIInterfaceOrientationLandscapeLeft UIInterfaceOrientationLandscapeRight";
				LD_RUNPATH_SEARCH_PATHS = (
					"$(inherited)",
					"@executable_path/Frameworks",
				);
				MARKETING_VERSION = 1.0;
				PRODUCT_BUNDLE_IDENTIFIER = "classe.iOS-Project";
				PRODUCT_NAME = "$(TARGET_NAME)";
				SWIFT_EMIT_LOC_STRINGS = YES;
				SWIFT_VERSION = 5.0;
				TARGETED_DEVICE_FAMILY = "1,2";
			};
			name = Release;
		};
/* End XCBuildConfiguration section */

/* Begin XCConfigurationList section */
		6FAFEDDD2B76A1F0009EF424 /* Build configuration list for PBXProject "iOS_Project" */ = {
			isa = XCConfigurationList;
			buildConfigurations = (
				6FAFEDF42B76A1F1009EF424 /* Debug */,
				6FAFEDF52B76A1F1009EF424 /* Release */,
			);
			defaultConfigurationIsVisible = 0;
			defaultConfigurationName = Release;
		};
		6FAFEDF62B76A1F1009EF424 /* Build configuration list for PBXNativeTarget "iOS_Project" */ = {
			isa = XCConfigurationList;
			buildConfigurations = (
				6FAFEDF72B76A1F1009EF424 /* Debug */,
				6FAFEDF82B76A1F1009EF424 /* Release */,
			);
			defaultConfigurationIsVisible = 0;
			defaultConfigurationName = Release;
		};
/* End XCConfigurationList section */
	};
	rootObject = 6FAFEDDA2B76A1F0009EF424 /* Project object */;
}
